// !$*UTF8*$!
{
	archiveVersion = 1;
	classes = {
	};
	objectVersion = 46;
	objects = {

/* Begin PBXBuildFile section */
		250229861D66B56200D833E1 /* main.m in Sources */ = {isa = PBXBuildFile; fileRef = 250229851D66B56200D833E1 /* main.m */; };
		250229891D66B56200D833E1 /* AppDelegate.m in Sources */ = {isa = PBXBuildFile; fileRef = 250229881D66B56200D833E1 /* AppDelegate.m */; };
		2502298C1D66B56200D833E1 /* ViewController.m in Sources */ = {isa = PBXBuildFile; fileRef = 2502298B1D66B56200D833E1 /* ViewController.m */; };
		2502298F1D66B56200D833E1 /* Main.storyboard in Resources */ = {isa = PBXBuildFile; fileRef = 2502298D1D66B56200D833E1 /* Main.storyboard */; };
		250229911D66B56200D833E1 /* Assets.xcassets in Resources */ = {isa = PBXBuildFile; fileRef = 250229901D66B56200D833E1 /* Assets.xcassets */; };
		250229941D66B56200D833E1 /* LaunchScreen.storyboard in Resources */ = {isa = PBXBuildFile; fileRef = 250229921D66B56200D833E1 /* LaunchScreen.storyboard */; };
		2502299F1D66B56200D833E1 /* PushDemoTests.m in Sources */ = {isa = PBXBuildFile; fileRef = 2502299E1D66B56200D833E1 /* PushDemoTests.m */; };
		250229AA1D66B56200D833E1 /* PushDemoUITests.m in Sources */ = {isa = PBXBuildFile; fileRef = 250229A91D66B56200D833E1 /* PushDemoUITests.m */; };
		250229BC1D66B5C000D833E1 /* UIView+Tool.m in Sources */ = {isa = PBXBuildFile; fileRef = 250229B91D66B5C000D833E1 /* UIView+Tool.m */; };
		250229BD1D66B5C000D833E1 /* NSObject+Tool.m in Sources */ = {isa = PBXBuildFile; fileRef = 250229BB1D66B5C000D833E1 /* NSObject+Tool.m */; };
		250229C01D66B5D100D833E1 /* PushViewController.m in Sources */ = {isa = PBXBuildFile; fileRef = 250229BF1D66B5D100D833E1 /* PushViewController.m */; };
/* End PBXBuildFile section */

/* Begin PBXContainerItemProxy section */
		2502299B1D66B56200D833E1 /* PBXContainerItemProxy */ = {
			isa = PBXContainerItemProxy;
			containerPortal = 250229791D66B56200D833E1 /* Project object */;
			proxyType = 1;
			remoteGlobalIDString = 250229801D66B56200D833E1;
			remoteInfo = PushDemo;
		};
		250229A61D66B56200D833E1 /* PBXContainerItemProxy */ = {
			isa = PBXContainerItemProxy;
			containerPortal = 250229791D66B56200D833E1 /* Project object */;
			proxyType = 1;
			remoteGlobalIDString = 250229801D66B56200D833E1;
			remoteInfo = PushDemo;
		};
/* End PBXContainerItemProxy section */

/* Begin PBXFileReference section */
		250229811D66B56200D833E1 /* PushDemo.app */ = {isa = PBXFileReference; explicitFileType = wrapper.application; includeInIndex = 0; path = PushDemo.app; sourceTree = BUILT_PRODUCTS_DIR; };
		250229851D66B56200D833E1 /* main.m */ = {isa = PBXFileReference; lastKnownFileType = sourcecode.c.objc; path = main.m; sourceTree = "<group>"; };
		250229871D66B56200D833E1 /* AppDelegate.h */ = {isa = PBXFileReference; lastKnownFileType = sourcecode.c.h; path = AppDelegate.h; sourceTree = "<group>"; };
		250229881D66B56200D833E1 /* AppDelegate.m */ = {isa = PBXFileReference; lastKnownFileType = sourcecode.c.objc; path = AppDelegate.m; sourceTree = "<group>"; };
		2502298A1D66B56200D833E1 /* ViewController.h */ = {isa = PBXFileReference; lastKnownFileType = sourcecode.c.h; path = ViewController.h; sourceTree = "<group>"; };
		2502298B1D66B56200D833E1 /* ViewController.m */ = {isa = PBXFileReference; lastKnownFileType = sourcecode.c.objc; path = ViewController.m; sourceTree = "<group>"; };
		2502298E1D66B56200D833E1 /* Base */ = {isa = PBXFileReference; lastKnownFileType = file.storyboard; name = Base; path = Base.lproj/Main.storyboard; sourceTree = "<group>"; };
		250229901D66B56200D833E1 /* Assets.xcassets */ = {isa = PBXFileReference; lastKnownFileType = folder.assetcatalog; path = Assets.xcassets; sourceTree = "<group>"; };
		250229931D66B56200D833E1 /* Base */ = {isa = PBXFileReference; lastKnownFileType = file.storyboard; name = Base; path = Base.lproj/LaunchScreen.storyboard; sourceTree = "<group>"; };
		250229951D66B56200D833E1 /* Info.plist */ = {isa = PBXFileReference; lastKnownFileType = text.plist.xml; path = Info.plist; sourceTree = "<group>"; };
		2502299A1D66B56200D833E1 /* PushDemoTests.xctest */ = {isa = PBXFileReference; explicitFileType = wrapper.cfbundle; includeInIndex = 0; path = PushDemoTests.xctest; sourceTree = BUILT_PRODUCTS_DIR; };
		2502299E1D66B56200D833E1 /* PushDemoTests.m */ = {isa = PBXFileReference; lastKnownFileType = sourcecode.c.objc; path = PushDemoTests.m; sourceTree = "<group>"; };
		250229A01D66B56200D833E1 /* Info.plist */ = {isa = PBXFileReference; lastKnownFileType = text.plist.xml; path = Info.plist; sourceTree = "<group>"; };
		250229A51D66B56200D833E1 /* PushDemoUITests.xctest */ = {isa = PBXFileReference; explicitFileType = wrapper.cfbundle; includeInIndex = 0; path = PushDemoUITests.xctest; sourceTree = BUILT_PRODUCTS_DIR; };
		250229A91D66B56200D833E1 /* PushDemoUITests.m */ = {isa = PBXFileReference; lastKnownFileType = sourcecode.c.objc; path = PushDemoUITests.m; sourceTree = "<group>"; };
		250229AB1D66B56200D833E1 /* Info.plist */ = {isa = PBXFileReference; lastKnownFileType = text.plist.xml; path = Info.plist; sourceTree = "<group>"; };
		250229B81D66B5C000D833E1 /* UIView+Tool.h */ = {isa = PBXFileReference; fileEncoding = 4; lastKnownFileType = sourcecode.c.h; path = "UIView+Tool.h"; sourceTree = "<group>"; };
		250229B91D66B5C000D833E1 /* UIView+Tool.m */ = {isa = PBXFileReference; fileEncoding = 4; lastKnownFileType = sourcecode.c.objc; path = "UIView+Tool.m"; sourceTree = "<group>"; };
		250229BA1D66B5C000D833E1 /* NSObject+Tool.h */ = {isa = PBXFileReference; fileEncoding = 4; lastKnownFileType = sourcecode.c.h; path = "NSObject+Tool.h"; sourceTree = "<group>"; };
		250229BB1D66B5C000D833E1 /* NSObject+Tool.m */ = {isa = PBXFileReference; fileEncoding = 4; lastKnownFileType = sourcecode.c.objc; path = "NSObject+Tool.m"; sourceTree = "<group>"; };
		250229BE1D66B5D100D833E1 /* PushViewController.h */ = {isa = PBXFileReference; fileEncoding = 4; lastKnownFileType = sourcecode.c.h; path = PushViewController.h; sourceTree = "<group>"; };
		250229BF1D66B5D100D833E1 /* PushViewController.m */ = {isa = PBXFileReference; fileEncoding = 4; lastKnownFileType = sourcecode.c.objc; path = PushViewController.m; sourceTree = "<group>"; };
/* End PBXFileReference section */

/* Begin PBXFrameworksBuildPhase section */
		2502297E1D66B56200D833E1 /* Frameworks */ = {
			isa = PBXFrameworksBuildPhase;
			buildActionMask = 2147483647;
			files = (
			);
			runOnlyForDeploymentPostprocessing = 0;
		};
		250229971D66B56200D833E1 /* Frameworks */ = {
			isa = PBXFrameworksBuildPhase;
			buildActionMask = 2147483647;
			files = (
			);
			runOnlyForDeploymentPostprocessing = 0;
		};
		250229A21D66B56200D833E1 /* Frameworks */ = {
			isa = PBXFrameworksBuildPhase;
			buildActionMask = 2147483647;
			files = (
			);
			runOnlyForDeploymentPostprocessing = 0;
		};
/* End PBXFrameworksBuildPhase section */

/* Begin PBXGroup section */
		250229781D66B56200D833E1 = {
			isa = PBXGroup;
			children = (
				250229831D66B56200D833E1 /* PushDemo */,
				2502299D1D66B56200D833E1 /* PushDemoTests */,
				250229A81D66B56200D833E1 /* PushDemoUITests */,
				250229821D66B56200D833E1 /* Products */,
			);
			sourceTree = "<group>";
		};
		250229821D66B56200D833E1 /* Products */ = {
			isa = PBXGroup;
			children = (
				250229811D66B56200D833E1 /* PushDemo.app */,
				2502299A1D66B56200D833E1 /* PushDemoTests.xctest */,
				250229A51D66B56200D833E1 /* PushDemoUITests.xctest */,
			);
			name = Products;
			sourceTree = "<group>";
		};
		250229831D66B56200D833E1 /* PushDemo */ = {
			isa = PBXGroup;
			children = (
				250229B71D66B5B700D833E1 /* Category(分类) */,
				250229871D66B56200D833E1 /* AppDelegate.h */,
				250229881D66B56200D833E1 /* AppDelegate.m */,
				2502298A1D66B56200D833E1 /* ViewController.h */,
				2502298B1D66B56200D833E1 /* ViewController.m */,
				250229BE1D66B5D100D833E1 /* PushViewController.h */,
				250229BF1D66B5D100D833E1 /* PushViewController.m */,
				2502298D1D66B56200D833E1 /* Main.storyboard */,
				250229901D66B56200D833E1 /* Assets.xcassets */,
				250229921D66B56200D833E1 /* LaunchScreen.storyboard */,
				250229951D66B56200D833E1 /* Info.plist */,
				250229841D66B56200D833E1 /* Supporting Files */,
			);
			path = PushDemo;
			sourceTree = "<group>";
		};
		250229841D66B56200D833E1 /* Supporting Files */ = {
			isa = PBXGroup;
			children = (
				250229851D66B56200D833E1 /* main.m */,
			);
			name = "Supporting Files";
			sourceTree = "<group>";
		};
		2502299D1D66B56200D833E1 /* PushDemoTests */ = {
			isa = PBXGroup;
			children = (
				2502299E1D66B56200D833E1 /* PushDemoTests.m */,
				250229A01D66B56200D833E1 /* Info.plist */,
			);
			path = PushDemoTests;
			sourceTree = "<group>";
		};
		250229A81D66B56200D833E1 /* PushDemoUITests */ = {
			isa = PBXGroup;
			children = (
				250229A91D66B56200D833E1 /* PushDemoUITests.m */,
				250229AB1D66B56200D833E1 /* Info.plist */,
			);
			path = PushDemoUITests;
			sourceTree = "<group>";
		};
		250229B71D66B5B700D833E1 /* Category(分类) */ = {
			isa = PBXGroup;
			children = (
				250229B81D66B5C000D833E1 /* UIView+Tool.h */,
				250229B91D66B5C000D833E1 /* UIView+Tool.m */,
				250229BA1D66B5C000D833E1 /* NSObject+Tool.h */,
				250229BB1D66B5C000D833E1 /* NSObject+Tool.m */,
			);
			path = "Category(分类)";
			sourceTree = "<group>";
		};
/* End PBXGroup section */

/* Begin PBXNativeTarget section */
		250229801D66B56200D833E1 /* PushDemo */ = {
			isa = PBXNativeTarget;
			buildConfigurationList = 250229AE1D66B56200D833E1 /* Build configuration list for PBXNativeTarget "PushDemo" */;
			buildPhases = (
				2502297D1D66B56200D833E1 /* Sources */,
				2502297E1D66B56200D833E1 /* Frameworks */,
				2502297F1D66B56200D833E1 /* Resources */,
			);
			buildRules = (
			);
			dependencies = (
			);
			name = PushDemo;
			productName = PushDemo;
			productReference = 250229811D66B56200D833E1 /* PushDemo.app */;
			productType = "com.apple.product-type.application";
		};
		250229991D66B56200D833E1 /* PushDemoTests */ = {
			isa = PBXNativeTarget;
			buildConfigurationList = 250229B11D66B56200D833E1 /* Build configuration list for PBXNativeTarget "PushDemoTests" */;
			buildPhases = (
				250229961D66B56200D833E1 /* Sources */,
				250229971D66B56200D833E1 /* Frameworks */,
				250229981D66B56200D833E1 /* Resources */,
			);
			buildRules = (
			);
			dependencies = (
				2502299C1D66B56200D833E1 /* PBXTargetDependency */,
			);
			name = PushDemoTests;
			productName = PushDemoTests;
			productReference = 2502299A1D66B56200D833E1 /* PushDemoTests.xctest */;
			productType = "com.apple.product-type.bundle.unit-test";
		};
		250229A41D66B56200D833E1 /* PushDemoUITests */ = {
			isa = PBXNativeTarget;
			buildConfigurationList = 250229B41D66B56200D833E1 /* Build configuration list for PBXNativeTarget "PushDemoUITests" */;
			buildPhases = (
				250229A11D66B56200D833E1 /* Sources */,
				250229A21D66B56200D833E1 /* Frameworks */,
				250229A31D66B56200D833E1 /* Resources */,
			);
			buildRules = (
			);
			dependencies = (
				250229A71D66B56200D833E1 /* PBXTargetDependency */,
			);
			name = PushDemoUITests;
			productName = PushDemoUITests;
			productReference = 250229A51D66B56200D833E1 /* PushDemoUITests.xctest */;
			productType = "com.apple.product-type.bundle.ui-testing";
		};
/* End PBXNativeTarget section */

/* Begin PBXProject section */
		250229791D66B56200D833E1 /* Project object */ = {
			isa = PBXProject;
			attributes = {
				LastUpgradeCheck = 0730;
				ORGANIZATIONNAME = "秦";
				TargetAttributes = {
					250229801D66B56200D833E1 = {
						CreatedOnToolsVersion = 7.3.1;
					};
					250229991D66B56200D833E1 = {
						CreatedOnToolsVersion = 7.3.1;
						TestTargetID = 250229801D66B56200D833E1;
					};
					250229A41D66B56200D833E1 = {
						CreatedOnToolsVersion = 7.3.1;
						TestTargetID = 250229801D66B56200D833E1;
					};
				};
			};
			buildConfigurationList = 2502297C1D66B56200D833E1 /* Build configuration list for PBXProject "PushDemo" */;
			compatibilityVersion = "Xcode 3.2";
			developmentRegion = English;
			hasScannedForEncodings = 0;
			knownRegions = (
				en,
				Base,
			);
			mainGroup = 250229781D66B56200D833E1;
			productRefGroup = 250229821D66B56200D833E1 /* Products */;
			projectDirPath = "";
			projectRoot = "";
			targets = (
				250229801D66B56200D833E1 /* PushDemo */,
				250229991D66B56200D833E1 /* PushDemoTests */,
				250229A41D66B56200D833E1 /* PushDemoUITests */,
			);
		};
/* End PBXProject section */

/* Begin PBXResourcesBuildPhase section */
		2502297F1D66B56200D833E1 /* Resources */ = {
			isa = PBXResourcesBuildPhase;
			buildActionMask = 2147483647;
			files = (
				250229941D66B56200D833E1 /* LaunchScreen.storyboard in Resources */,
				250229911D66B56200D833E1 /* Assets.xcassets in Resources */,
				2502298F1D66B56200D833E1 /* Main.storyboard in Resources */,
			);
			runOnlyForDeploymentPostprocessing = 0;
		};
		250229981D66B56200D833E1 /* Resources */ = {
			isa = PBXResourcesBuildPhase;
			buildActionMask = 2147483647;
			files = (
			);
			runOnlyForDeploymentPostprocessing = 0;
		};
		250229A31D66B56200D833E1 /* Resources */ = {
			isa = PBXResourcesBuildPhase;
			buildActionMask = 2147483647;
			files = (
			);
			runOnlyForDeploymentPostprocessing = 0;
		};
/* End PBXResourcesBuildPhase section */

/* Begin PBXSourcesBuildPhase section */
		2502297D1D66B56200D833E1 /* Sources */ = {
			isa = PBXSourcesBuildPhase;
			buildActionMask = 2147483647;
			files = (
				2502298C1D66B56200D833E1 /* ViewController.m in Sources */,
				250229891D66B56200D833E1 /* AppDelegate.m in Sources */,
				250229C01D66B5D100D833E1 /* PushViewController.m in Sources */,
				250229BC1D66B5C000D833E1 /* UIView+Tool.m in Sources */,
				250229861D66B56200D833E1 /* main.m in Sources */,
				250229BD1D66B5C000D833E1 /* NSObject+Tool.m in Sources */,
			);
			runOnlyForDeploymentPostprocessing = 0;
		};
		250229961D66B56200D833E1 /* Sources */ = {
			isa = PBXSourcesBuildPhase;
			buildActionMask = 2147483647;
			files = (
				2502299F1D66B56200D833E1 /* PushDemoTests.m in Sources */,
			);
			runOnlyForDeploymentPostprocessing = 0;
		};
		250229A11D66B56200D833E1 /* Sources */ = {
			isa = PBXSourcesBuildPhase;
			buildActionMask = 2147483647;
			files = (
				250229AA1D66B56200D833E1 /* PushDemoUITests.m in Sources */,
			);
			runOnlyForDeploymentPostprocessing = 0;
		};
/* End PBXSourcesBuildPhase section */

/* Begin PBXTargetDependency section */
		2502299C1D66B56200D833E1 /* PBXTargetDependency */ = {
			isa = PBXTargetDependency;
			target = 250229801D66B56200D833E1 /* PushDemo */;
			targetProxy = 2502299B1D66B56200D833E1 /* PBXContainerItemProxy */;
		};
		250229A71D66B56200D833E1 /* PBXTargetDependency */ = {
			isa = PBXTargetDependency;
			target = 250229801D66B56200D833E1 /* PushDemo */;
			targetProxy = 250229A61D66B56200D833E1 /* PBXContainerItemProxy */;
		};
/* End PBXTargetDependency section */

/* Begin PBXVariantGroup section */
		2502298D1D66B56200D833E1 /* Main.storyboard */ = {
			isa = PBXVariantGroup;
			children = (
				2502298E1D66B56200D833E1 /* Base */,
			);
			name = Main.storyboard;
			sourceTree = "<group>";
		};
		250229921D66B56200D833E1 /* LaunchScreen.storyboard */ = {
			isa = PBXVariantGroup;
			children = (
				250229931D66B56200D833E1 /* Base */,
			);
			name = LaunchScreen.storyboard;
			sourceTree = "<group>";
		};
/* End PBXVariantGroup section */

/* Begin XCBuildConfiguration section */
		250229AC1D66B56200D833E1 /* Debug */ = {
			isa = XCBuildConfiguration;
			buildSettings = {
				ALWAYS_SEARCH_USER_PATHS = NO;
				CLANG_ANALYZER_NONNULL = YES;
				CLANG_CXX_LANGUAGE_STANDARD = "gnu++0x";
				CLANG_CXX_LIBRARY = "libc++";
				CLANG_ENABLE_MODULES = YES;
				CLANG_ENABLE_OBJC_ARC = YES;
				CLANG_WARN_BOOL_CONVERSION = YES;
				CLANG_WARN_CONSTANT_CONVERSION = YES;
				CLANG_WARN_DIRECT_OBJC_ISA_USAGE = YES_ERROR;
				CLANG_WARN_EMPTY_BODY = YES;
				CLANG_WARN_ENUM_CONVERSION = YES;
				CLANG_WARN_INT_CONVERSION = YES;
				CLANG_WARN_OBJC_ROOT_CLASS = YES_ERROR;
				CLANG_WARN_UNREACHABLE_CODE = YES;
				CLANG_WARN__DUPLICATE_METHOD_MATCH = YES;
				"CODE_SIGN_IDENTITY[sdk=iphoneos*]" = "iPhone Developer";
				COPY_PHASE_STRIP = NO;
				DEBUG_INFORMATION_FORMAT = dwarf;
				ENABLE_STRICT_OBJC_MSGSEND = YES;
				ENABLE_TESTABILITY = YES;
				GCC_C_LANGUAGE_STANDARD = gnu99;
				GCC_DYNAMIC_NO_PIC = NO;
				GCC_NO_COMMON_BLOCKS = YES;
				GCC_OPTIMIZATION_LEVEL = 0;
				GCC_PREPROCESSOR_DEFINITIONS = (
					"DEBUG=1",
					"$(inherited)",
				);
				GCC_WARN_64_TO_32_BIT_CONVERSION = YES;
				GCC_WARN_ABOUT_RETURN_TYPE = YES_ERROR;
				GCC_WARN_UNDECLARED_SELECTOR = YES;
				GCC_WARN_UNINITIALIZED_AUTOS = YES_AGGRESSIVE;
				GCC_WARN_UNUSED_FUNCTION = YES;
				GCC_WARN_UNUSED_VARIABLE = YES;
				IPHONEOS_DEPLOYMENT_TARGET = 9.3;
				MTL_ENABLE_DEBUG_INFO = YES;
				ONLY_ACTIVE_ARCH = YES;
				SDKROOT = iphoneos;
				TARGETED_DEVICE_FAMILY = "1,2";
			};
			name = Debug;
		};
		250229AD1D66B56200D833E1 /* Release */ = {
			isa = XCBuildConfiguration;
			buildSettings = {
				ALWAYS_SEARCH_USER_PATHS = NO;
				CLANG_ANALYZER_NONNULL = YES;
				CLANG_CXX_LANGUAGE_STANDARD = "gnu++0x";
				CLANG_CXX_LIBRARY = "libc++";
				CLANG_ENABLE_MODULES = YES;
				CLANG_ENABLE_OBJC_ARC = YES;
				CLANG_WARN_BOOL_CONVERSION = YES;
				CLANG_WARN_CONSTANT_CONVERSION = YES;
				CLANG_WARN_DIRECT_OBJC_ISA_USAGE = YES_ERROR;
				CLANG_WARN_EMPTY_BODY = YES;
				CLANG_WARN_ENUM_CONVERSION = YES;
				CLANG_WARN_INT_CONVERSION = YES;
				CLANG_WARN_OBJC_ROOT_CLASS = YES_ERROR;
				CLANG_WARN_UNREACHABLE_CODE = YES;
				CLANG_WARN__DUPLICATE_METHOD_MATCH = YES;
				"CODE_SIGN_IDENTITY[sdk=iphoneos*]" = "iPhone Developer";
				COPY_PHASE_STRIP = NO;
				DEBUG_INFORMATION_FORMAT = "dwarf-with-dsym";
				ENABLE_NS_ASSERTIONS = NO;
				ENABLE_STRICT_OBJC_MSGSEND = YES;
				GCC_C_LANGUAGE_STANDARD = gnu99;
				GCC_NO_COMMON_BLOCKS = YES;
				GCC_WARN_64_TO_32_BIT_CONVERSION = YES;
				GCC_WARN_ABOUT_RETURN_TYPE = YES_ERROR;
				GCC_WARN_UNDECLARED_SELECTOR = YES;
				GCC_WARN_UNINITIALIZED_AUTOS = YES_AGGRESSIVE;
				GCC_WARN_UNUSED_FUNCTION = YES;
				GCC_WARN_UNUSED_VARIABLE = YES;
				IPHONEOS_DEPLOYMENT_TARGET = 9.3;
				MTL_ENABLE_DEBUG_INFO = NO;
				SDKROOT = iphoneos;
				TARGETED_DEVICE_FAMILY = "1,2";
				VALIDATE_PRODUCT = YES;
			};
			name = Release;
		};
		250229AF1D66B56200D833E1 /* Debug */ = {
			isa = XCBuildConfiguration;
			buildSettings = {
				ASSETCATALOG_COMPILER_APPICON_NAME = AppIcon;
				INFOPLIST_FILE = PushDemo/Info.plist;
				IPHONEOS_DEPLOYMENT_TARGET = 7.0;
				LD_RUNPATH_SEARCH_PATHS = "$(inherited) @executable_path/Frameworks";
				PRODUCT_BUNDLE_IDENTIFIER = qin.PushDemo;
				PRODUCT_NAME = "$(TARGET_NAME)";
			};
			name = Debug;
		};
		250229B01D66B56200D833E1 /* Release */ = {
			isa = XCBuildConfiguration;
			buildSettings = {
				ASSETCATALOG_COMPILER_APPICON_NAME = AppIcon;
				INFOPLIST_FILE = PushDemo/Info.plist;
				IPHONEOS_DEPLOYMENT_TARGET = 7.0;
				LD_RUNPATH_SEARCH_PATHS = "$(inherited) @executable_path/Frameworks";
				PRODUCT_BUNDLE_IDENTIFIER = qin.PushDemo;
				PRODUCT_NAME = "$(TARGET_NAME)";
			};
			name = Release;
		};
		250229B21D66B56200D833E1 /* Debug */ = {
			isa = XCBuildConfiguration;
			buildSettings = {
				BUNDLE_LOADER = "$(TEST_HOST)";
				INFOPLIST_FILE = PushDemoTests/Info.plist;
				LD_RUNPATH_SEARCH_PATHS = "$(inherited) @executable_path/Frameworks @loader_path/Frameworks";
				PRODUCT_BUNDLE_IDENTIFIER = qin.PushDemoTests;
				PRODUCT_NAME = "$(TARGET_NAME)";
				TEST_HOST = "$(BUILT_PRODUCTS_DIR)/PushDemo.app/PushDemo";
			};
			name = Debug;
		};
		250229B31D66B56200D833E1 /* Release */ = {
			isa = XCBuildConfiguration;
			buildSettings = {
				BUNDLE_LOADER = "$(TEST_HOST)";
				INFOPLIST_FILE = PushDemoTests/Info.plist;
				LD_RUNPATH_SEARCH_PATHS = "$(inherited) @executable_path/Frameworks @loader_path/Frameworks";
				PRODUCT_BUNDLE_IDENTIFIER = qin.PushDemoTests;
				PRODUCT_NAME = "$(TARGET_NAME)";
				TEST_HOST = "$(BUILT_PRODUCTS_DIR)/PushDemo.app/PushDemo";
			};
			name = Release;
		};
		250229B51D66B56200D833E1 /* Debug */ = {
			isa = XCBuildConfiguration;
			buildSettings = {
				INFOPLIST_FILE = PushDemoUITests/Info.plist;
				LD_RUNPATH_SEARCH_PATHS = "$(inherited) @executable_path/Frameworks @loader_path/Frameworks";
				PRODUCT_BUNDLE_IDENTIFIER = qin.PushDemoUITests;
				PRODUCT_NAME = "$(TARGET_NAME)";
				TEST_TARGET_NAME = PushDemo;
			};
			name = Debug;
		};
		250229B61D66B56200D833E1 /* Release */ = {
			isa = XCBuildConfiguration;
			buildSettings = {
				INFOPLIST_FILE = PushDemoUITests/Info.plist;
				LD_RUNPATH_SEARCH_PATHS = "$(inherited) @executable_path/Frameworks @loader_path/Frameworks";
				PRODUCT_BUNDLE_IDENTIFIER = qin.PushDemoUITests;
				PRODUCT_NAME = "$(TARGET_NAME)";
				TEST_TARGET_NAME = PushDemo;
			};
			name = Release;
		};
/* End XCBuildConfiguration section */

/* Begin XCConfigurationList section */
		2502297C1D66B56200D833E1 /* Build configuration list for PBXProject "PushDemo" */ = {
			isa = XCConfigurationList;
			buildConfigurations = (
				250229AC1D66B56200D833E1 /* Debug */,
				250229AD1D66B56200D833E1 /* Release */,
			);
			defaultConfigurationIsVisible = 0;
			defaultConfigurationName = Release;
		};
		250229AE1D66B56200D833E1 /* Build configuration list for PBXNativeTarget "PushDemo" */ = {
			isa = XCConfigurationList;
			buildConfigurations = (
				250229AF1D66B56200D833E1 /* Debug */,
				250229B01D66B56200D833E1 /* Release */,
			);
			defaultConfigurationIsVisible = 0;
		};
		250229B11D66B56200D833E1 /* Build configuration list for PBXNativeTarget "PushDemoTests" */ = {
			isa = XCConfigurationList;
			buildConfigurations = (
				250229B21D66B56200D833E1 /* Debug */,
				250229B31D66B56200D833E1 /* Release */,
			);
			defaultConfigurationIsVisible = 0;
		};
		250229B41D66B56200D833E1 /* Build configuration list for PBXNativeTarget "PushDemoUITests" */ = {
			isa = XCConfigurationList;
			buildConfigurations = (
				250229B51D66B56200D833E1 /* Debug */,
				250229B61D66B56200D833E1 /* Release */,
			);
			defaultConfigurationIsVisible = 0;
		};
/* End XCConfigurationList section */
	};
	rootObject = 250229791D66B56200D833E1 /* Project object */;
}
